<?xml version="1.0" encoding="utf-8"?>
<Project ToolsVersion="4.0" xmlns="http://schemas.microsoft.com/developer/msbuild/2003">
  <ItemGroup>
    <ClCompile Include="Application.cpp">
      <Filter>Source FIles\Application</Filter>
    </ClCompile>
    <ClCompile Include="Globals.cpp">
      <Filter>Source FIles\Application</Filter>
    </ClCompile>
    <ClCompile Include="Main.cpp">
      <Filter>Source FIles\Application</Filter>
    </ClCompile>
    <ClCompile Include="Particle.cpp">
      <Filter>Source FIles\Entities</Filter>
    </ClCompile>
    <ClCompile Include="Boss.cpp">
      <Filter>Source FIles\Entities\Enemies</Filter>
    </ClCompile>
    <ClCompile Include="Enemy.cpp">
      <Filter>Source FIles\Entities\Enemies</Filter>
    </ClCompile>
    <ClCompile Include="Enemy_Soldier.cpp">
      <Filter>Source FIles\Entities\Enemies</Filter>
    </ClCompile>
    <ClCompile Include="Enemy_Soldier_Level2.cpp">
      <Filter>Source FIles\Entities\Enemies</Filter>
    </ClCompile>
    <ClCompile Include="Enemy_Soldier_Standing.cpp">
      <Filter>Source FIles\Entities\Enemies</Filter>
    </ClCompile>
    <ClCompile Include="ModuleAudio.cpp">
      <Filter>Source FIles\Modules\Core</Filter>
    </ClCompile>
    <ClCompile Include="ModuleBreakable.cpp">
      <Filter>Source FIles\Modules\Core</Filter>
    </ClCompile>
    <ClCompile Include="ModuleCollisions.cpp">
      <Filter>Source FIles\Modules\Core</Filter>
    </ClCompile>
    <ClCompile Include="ModuleFadeToBlack.cpp">
      <Filter>Source FIles\Modules\Core</Filter>
    </ClCompile>
    <ClCompile Include="ModuleFonts.cpp">
      <Filter>Source FIles\Modules\Core</Filter>
    </ClCompile>
    <ClCompile Include="ModuleInput.cpp">
      <Filter>Source FIles\Modules\Core</Filter>
    </ClCompile>
    <ClCompile Include="ModuleParticles.cpp">
      <Filter>Source FIles\Modules\Core</Filter>
    </ClCompile>
    <ClCompile Include="ModuleRender.cpp">
      <Filter>Source FIles\Modules\Core</Filter>
    </ClCompile>
    <ClCompile Include="ModuleTextures.cpp">
      <Filter>Source FIles\Modules\Core</Filter>
    </ClCompile>
    <ClCompile Include="ModuleWindow.cpp">
      <Filter>Source FIles\Modules\Core</Filter>
    </ClCompile>
    <ClCompile Include="Module.cpp">
      <Filter>Source FIles\Modules</Filter>
    </ClCompile>
    <ClCompile Include="ModuleEnemies.cpp">
      <Filter>Source FIles\Modules\Gameplay</Filter>
    </ClCompile>
    <ClCompile Include="ModulePlayer.cpp">
      <Filter>Source FIles\Modules\Gameplay</Filter>
    </ClCompile>
    <ClCompile Include="SceneIntro.cpp">
      <Filter>Source FIles\Modules\Gameplay</Filter>
    </ClCompile>
    <ClCompile Include="SceneLevel1.cpp">
      <Filter>Source FIles\Modules\Gameplay</Filter>
    </ClCompile>
    <ClCompile Include="TitleScreen.cpp">
      <Filter>Source FIles\Modules\Gameplay</Filter>
    </ClCompile>
    <ClCompile Include="InfoScreen.cpp">
      <Filter>Source FIles\Modules\Gameplay</Filter>
    </ClCompile>
    <ClCompile Include="Collider.cpp">
      <Filter>Source FIles\Utils</Filter>
    </ClCompile>
    <ClCompile Include="Path.cpp">
      <Filter>Source FIles\Utils</Filter>
    </ClCompile>
    <ClCompile Include="Tower_Enemy_Level2.cpp">
      <Filter>Source FIles\Entities\Enemies</Filter>
    </ClCompile>
    <ClCompile Include="ModuleGamepadInput.cpp">
      <Filter>Source FIles\Modules\Gameplay</Filter>
    </ClCompile>
    <ClCompile Include="Enemy_car.cpp">
      <Filter>Source FIles\Entities\Enemies</Filter>
    </ClCompile>
    <ClCompile Include="SceneLevel2.cpp">
      <Filter>Source FIles\Modules\Gameplay</Filter>
    </ClCompile>
    <ClCompile Include="WhiteHouseIntro.cpp">
      <Filter>Source FIles\Modules\Gameplay</Filter>
    </ClCompile>
    <ClCompile Include="HeroesIntro.cpp">
      <Filter>Source FIles\Modules\Gameplay</Filter>
    </ClCompile>
    <ClCompile Include="ModuleEndPlane.cpp">
      <Filter>Source FIles\Modules\Core</Filter>
    </ClCompile>
  </ItemGroup>
  <ItemGroup>
    <ClInclude Include="Application.h">
      <Filter>Source FIles\Application</Filter>
    </ClInclude>
    <ClInclude Include="Globals.h">
      <Filter>Source FIles\Application</Filter>
    </ClInclude>
    <ClInclude Include="MemLeaks.h">
      <Filter>Source FIles\Application</Filter>
    </ClInclude>
    <ClInclude Include="Boss.h">
      <Filter>Source FIles\Entities\Enemies</Filter>
    </ClInclude>
    <ClInclude Include="Enemy.h">
      <Filter>Source FIles\Entities\Enemies</Filter>
    </ClInclude>
    <ClInclude Include="Enemy_Soldier.h">
      <Filter>Source FIles\Entities\Enemies</Filter>
    </ClInclude>
    <ClInclude Include="Enemy_Soldier_Level2.h">
      <Filter>Source FIles\Entities\Enemies</Filter>
    </ClInclude>
    <ClInclude Include="Enemy_Soldier_Standing.h">
      <Filter>Source FIles\Entities\Enemies</Filter>
    </ClInclude>
    <ClInclude Include="ModuleAudio.h">
      <Filter>Source FIles\Modules\Core</Filter>
    </ClInclude>
    <ClInclude Include="ModuleBreakable.h">
      <Filter>Source FIles\Modules\Core</Filter>
    </ClInclude>
    <ClInclude Include="ModuleCollisions.h">
      <Filter>Source FIles\Modules\Core</Filter>
    </ClInclude>
    <ClInclude Include="ModuleFadeToBlack.h">
      <Filter>Source FIles\Modules\Core</Filter>
    </ClInclude>
    <ClInclude Include="ModuleFonts.h">
      <Filter>Source FIles\Modules\Core</Filter>
    </ClInclude>
    <ClInclude Include="ModuleInput.h">
      <Filter>Source FIles\Modules\Core</Filter>
    </ClInclude>
    <ClInclude Include="ModuleParticles.h">
      <Filter>Source FIles\Modules\Core</Filter>
    </ClInclude>
    <ClInclude Include="ModuleRender.h">
      <Filter>Source FIles\Modules\Core</Filter>
    </ClInclude>
    <ClInclude Include="ModuleTextures.h">
      <Filter>Source FIles\Modules\Core</Filter>
    </ClInclude>
    <ClInclude Include="ModuleWindow.h">
      <Filter>Source FIles\Modules\Core</Filter>
    </ClInclude>
    <ClInclude Include="Module.h">
      <Filter>Source FIles\Modules</Filter>
    </ClInclude>
    <ClInclude Include="ModuleEnemies.h">
      <Filter>Source FIles\Modules\Gameplay</Filter>
    </ClInclude>
    <ClInclude Include="ModulePlayer.h">
      <Filter>Source FIles\Modules\Gameplay</Filter>
    </ClInclude>
    <ClInclude Include="SceneIntro.h">
      <Filter>Source FIles\Modules\Gameplay</Filter>
    </ClInclude>
    <ClInclude Include="SceneLevel1.h">
      <Filter>Source FIles\Modules\Gameplay</Filter>
    </ClInclude>
    <ClInclude Include="TitleScreen.h">
      <Filter>Source FIles\Modules\Gameplay</Filter>
    </ClInclude>
    <ClInclude Include="InfoScreen.h">
      <Filter>Source FIles\Modules\Gameplay</Filter>
    </ClInclude>
    <ClInclude Include="Particle.h">
      <Filter>Source FIles\Entities</Filter>
    </ClInclude>
    <ClInclude Include="Path.h">
      <Filter>Source FIles\Utils</Filter>
    </ClInclude>
    <ClInclude Include="Animation.h">
      <Filter>Source FIles\Utils</Filter>
    </ClInclude>
    <ClInclude Include="Collider.h">
      <Filter>Source FIles\Utils</Filter>
    </ClInclude>
    <ClInclude Include="p2Point.h">
      <Filter>Source FIles\Utils</Filter>
    </ClInclude>
    <ClInclude Include="Tower_Enemy_Level2.h">
      <Filter>Source FIles\Entities\Enemies</Filter>
    </ClInclude>
    <ClInclude Include="ModuleGamepadInput.h">
      <Filter>Source FIles\Modules\Gameplay</Filter>
    </ClInclude>
    <ClInclude Include="Enemy_car.h">
      <Filter>Source FIles\Entities\Enemies</Filter>
    </ClInclude>
    <ClInclude Include="SceneLevel2.h">
      <Filter>Source FIles\Modules\Gameplay</Filter>
    </ClInclude>
    <ClInclude Include="WhiteHouseIntro.h">
      <Filter>Source FIles\Modules\Gameplay</Filter>
    </ClInclude>
    <ClInclude Include="HeroesIntro.h">
      <Filter>Source FIles\Modules\Gameplay</Filter>
    </ClInclude>
    <ClInclude Include="ModuleEndPlane.h">
      <Filter>Source FIles\Modules\Core</Filter>
    </ClInclude>
  </ItemGroup>
  <ItemGroup>
    <Filter Include="Source FIles">
      <UniqueIdentifier>{ccce70f1-9dc7-4ac9-ba61-126790786de9}</UniqueIdentifier>
    </Filter>
    <Filter Include="Source FIles\Application">
      <UniqueIdentifier>{7a2d63e2-d116-488f-b386-f3049202e565}</UniqueIdentifier>
    </Filter>
    <Filter Include="Source FIles\Entities">
      <UniqueIdentifier>{469da4c5-8146-4166-aaf1-936365ac9789}</UniqueIdentifier>
    </Filter>
    <Filter Include="Source FIles\Modules">
      <UniqueIdentifier>{0e95f371-421d-477a-8543-1342797e1cef}</UniqueIdentifier>
    </Filter>
    <Filter Include="Source FIles\Utils">
      <UniqueIdentifier>{4e2960a6-68a0-416c-a11b-6a41201d950e}</UniqueIdentifier>
    </Filter>
    <Filter Include="Source FIles\Entities\Enemies">
      <UniqueIdentifier>{4cbea6f2-fcaf-4e1f-ae93-234b5240e7b8}</UniqueIdentifier>
    </Filter>
    <Filter Include="Source FIles\Modules\Core">
      <UniqueIdentifier>{d3402817-bc4b-4a80-ae99-bdc06d95bb6d}</UniqueIdentifier>
    </Filter>
    <Filter Include="Source FIles\Modules\Gameplay">
      <UniqueIdentifier>{05b36379-a1c7-45b9-9023-d192982d328f}</UniqueIdentifier>
    </Filter>
  </ItemGroup>
</Project>